<Solution>
  <Folder Name="/src/" />
  <Folder Name="/src/Application/" />
  <Folder Name="/src/Domain/" />
  <Folder Name="/src/Infrastructure/">
    <Project Path="Todo.Infrastructure/Todo.Infrastructure.csproj" />
  </Folder>
  <Folder Name="/src/Presentation/">
    <Project Path="Todo.API/Todo.API.csproj" />
  </Folder>
</Solution>
